<?xml version="1.0" ?>
<CodeBench_Project name="libgen" path="DH4:projects/libgen/libgen.cbp" created="1119285779" lastmodified="1158842782">
  <plugin name="PROGDIR:Plugins/AmigaOS4SDK.CCPlugin" flags="16" />
  <label identifier="&#047;&#047;&#047;&#047;" />
  <target name="libgen" />
  <homedir name="DH4:projects/libgen" />
  <compiler name="SDK:gcc/bin/gcc" switches="-Wall -Wwrite-strings -D_AMIGA_ -D_DEBUG -gstabs" stack="131072" />
  <debugger name="SDK:c/gdb" />
  <header pattern="#?.(h|hpp|hxx)" />
  <source pattern="#?.(c|cpp|cc|cxx)" />
  <object pattern="#?.(o|lib|a)" />
  <other pattern="~(#?.h|#?.c|#?.cpp|#?.cc|#?.cxx|#?.o|#?.lib|#?.a)" />
  <builder name="SDK:c/make -f" />
  <environment tabsize="2" />
  <headers>
    <file name="src/unit_test.h" current="0" open="1" />
    <file name="src/utils.h" current="0" open="1" />
    <file name="src/string_list.h" current="0" open="0" />
    <file name="src/debugging_utils.h" current="0" open="1" />
    <file name="src/parameter.h" current="0" open="1" />
    <file name="src/memory.h" current="0" open="0" />
    <file name="src/writer.h" current="0" open="1" />
    <file name="src/idl_writer.h" current="0" open="1" />
    <file name="src/function_definition.h" current="0" open="1" />
  </headers>
  <sources>
    <file name="src/idl_writer.c" current="0" open="0" />
    <file name="src/unit_test.c" current="1" open="1" />
    <file name="src/memory.c" current="0" open="0" />
    <file name="src/main.c" current="0" open="1" />
    <file name="src/utils.c" current="0" open="0" />
    <file name="src/parameter.c" current="0" open="1" />
    <file name="src/string_list.c" current="0" open="0" />
    <file name="src/function_definition.c" current="0" open="1" />
    <file name="src/writer.c" current="0" open="1" />
  </sources>
  <flags value="4229" />
  <buildscript name="Makefile" depth="3" open="1" current="0" top="0" left="0" line="22" row="0" />
  <projectnotes open="0" />
  <buildwindow open="1" />
  <logfile name="RAM Disk:Build.log" />
  <repository plugin="PROGDIR:plugins/svntool.syncplugin" lastcommit="1158798355" lastupdate="1158841131"/>
</CodeBench_Project>