<?xml version="1.0" ?>
<CodeBench_Project name="libgen" path="DH4:projects&#047;libgen&#047;libgen.cbp" created="1119285779" lastmodified="1159574806">
	<plugin name="PROGDIR:Plugins&#047;AmigaOS4SDK.CCPlugin" flags="16"/>
	<label identifier="&#047;&#047;&#047;&#047;"/>
	<target name="libgen"/>
	<homedir name="DH4:projects&#047;libgen"/>
	<compiler name="SDK:gcc&#047;bin&#047;gcc" switches="-Wall -Wextra -Wwrite-strings -D_AMIGA_ -D_DEBUG -gstabs" stack="131072"/>
	<debugger name="SDK:c&#047;gdb"/>
	<header pattern="#?.(h|hpp|hxx)"/>
	<source pattern="#?.(c|cpp|cc|cxx)"/>
	<object pattern="#?.(o|lib|a)"/>
	<other pattern="~(#?.h|#?.c|#?.cpp|#?.cc|#?.cxx|#?.o|#?.lib|#?.a)"/>
	<builder name="SDK:c&#047;make -f"/>
	<environment tabsize="2"/>
	<headers>
		<file name="src&#047;header_definitions.h" current="0" open="1"/>
		<file name="src&#047;utils.h" current="0" open="1"/>
		<file name="src&#047;debugging_utils.h" current="0" open="0"/>
		<file name="src&#047;parameter.h" current="0" open="1"/>
		<file name="src&#047;memory.h" current="0" open="0"/>
		<file name="src&#047;writer.h" current="0" open="1"/>
		<file name="src&#047;idl_writer.h" current="0" open="0"/>
		<file name="src&#047;function_definition.h" current="0" open="1"/>
	</headers>
	<sources>
		<file name="src&#047;header_definitions.c" current="0" open="1"/>
		<file name="src&#047;idl_writer.c" current="0" open="1"/>
		<file name="src&#047;memory.c" current="0" open="0"/>
		<file name="src&#047;main.c" current="1" open="1"/>
		<file name="src&#047;utils.c" current="0" open="1"/>
		<file name="src&#047;parameter.c" current="0" open="0"/>
		<file name="src&#047;function_definition.c" current="0" open="0"/>
		<file name="src&#047;writer.c" current="0" open="1"/>
	</sources>
	<flags value="4229"/>
	<buildscript name="Makefile" depth="3" open="0"/>
	<projectnotes open="0"/>
	<buildwindow open="1"/>
	<logfile name="RAM Disk:Build.log"/>
	<repository plugin="PROGDIR:plugins&#047;svntool.syncplugin" lastcommit="1159490005" lastupdate="1159489610"/>
</CodeBench_Project>
